// !$*UTF8*$!
{
	archiveVersion = 1;
	classes = {
	};
	objectVersion = 56;
	objects = {

/* Begin PBXBuildFile section */
		6C05A5F82A087093003FD12F /* Private.swift in Sources */ = {isa = PBXBuildFile; fileRef = 6C05A5F72A087093003FD12F /* Private.swift */; };
		6C05A5FA2A0870BA003FD12F /* TitleRow.swift in Sources */ = {isa = PBXBuildFile; fileRef = 6C05A5F92A0870BA003FD12F /* TitleRow.swift */; };
		6C05A5FC2A0870E0003FD12F /* ChatBot.swift in Sources */ = {isa = PBXBuildFile; fileRef = 6C05A5FB2A0870E0003FD12F /* ChatBot.swift */; };
		6C05A5FE2A0870EB003FD12F /* Extensions.swift in Sources */ = {isa = PBXBuildFile; fileRef = 6C05A5FD2A0870EB003FD12F /* Extensions.swift */; };
		6C05A6002A0872AA003FD12F /* ChatBotSettings.swift in Sources */ = {isa = PBXBuildFile; fileRef = 6C05A5FF2A0872AA003FD12F /* ChatBotSettings.swift */; };
		6C05A6022A0874F6003FD12F /* NoteRequestFields.swift in Sources */ = {isa = PBXBuildFile; fileRef = 6C05A6012A0874F6003FD12F /* NoteRequestFields.swift */; };
		6C05A6042A087573003FD12F /* Note.swift in Sources */ = {isa = PBXBuildFile; fileRef = 6C05A6032A087573003FD12F /* Note.swift */; };
		6CA514832A06BBB800089923 /* TidyTherapyNoteApp.swift in Sources */ = {isa = PBXBuildFile; fileRef = 6CA514822A06BBB800089923 /* TidyTherapyNoteApp.swift */; };
		6CA514852A06BBB800089923 /* ContentView.swift in Sources */ = {isa = PBXBuildFile; fileRef = 6CA514842A06BBB800089923 /* ContentView.swift */; };
		6CA514872A06BBB900089923 /* Assets.xcassets in Resources */ = {isa = PBXBuildFile; fileRef = 6CA514862A06BBB900089923 /* Assets.xcassets */; };
		6CA5148A2A06BBB900089923 /* Preview Assets.xcassets in Resources */ = {isa = PBXBuildFile; fileRef = 6CA514892A06BBB900089923 /* Preview Assets.xcassets */; };
		6CA514912A06BC0600089923 /* ViewModel.swift in Sources */ = {isa = PBXBuildFile; fileRef = 6CA514902A06BC0600089923 /* ViewModel.swift */; };
		6CA514942A06BC2100089923 /* OpenAISwift in Frameworks */ = {isa = PBXBuildFile; productRef = 6CA514932A06BC2100089923 /* OpenAISwift */; };
		6CF0E3892A06EC81006DB88B /* APIKey.swift in Sources */ = {isa = PBXBuildFile; fileRef = 6CF0E3882A06EC81006DB88B /* APIKey.swift */; };
/* End PBXBuildFile section */

/* Begin PBXFileReference section */
		6C05A5F72A087093003FD12F /* Private.swift */ = {isa = PBXFileReference; fileEncoding = 4; lastKnownFileType = sourcecode.swift; path = Private.swift; sourceTree = "<group>"; };
		6C05A5F92A0870BA003FD12F /* TitleRow.swift */ = {isa = PBXFileReference; fileEncoding = 4; lastKnownFileType = sourcecode.swift; path = TitleRow.swift; sourceTree = "<group>"; };
		6C05A5FB2A0870E0003FD12F /* ChatBot.swift */ = {isa = PBXFileReference; fileEncoding = 4; lastKnownFileType = sourcecode.swift; path = ChatBot.swift; sourceTree = "<group>"; };
		6C05A5FD2A0870EB003FD12F /* Extensions.swift */ = {isa = PBXFileReference; fileEncoding = 4; lastKnownFileType = sourcecode.swift; path = Extensions.swift; sourceTree = "<group>"; };
		6C05A5FF2A0872AA003FD12F /* ChatBotSettings.swift */ = {isa = PBXFileReference; fileEncoding = 4; lastKnownFileType = sourcecode.swift; path = ChatBotSettings.swift; sourceTree = "<group>"; };
		6C05A6012A0874F6003FD12F /* NoteRequestFields.swift */ = {isa = PBXFileReference; lastKnownFileType = sourcecode.swift; path = NoteRequestFields.swift; sourceTree = "<group>"; };
		6C05A6032A087573003FD12F /* Note.swift */ = {isa = PBXFileReference; lastKnownFileType = sourcecode.swift; path = Note.swift; sourceTree = "<group>"; };
		6CA5147F2A06BBB800089923 /* TidyTherapyNote.app */ = {isa = PBXFileReference; explicitFileType = wrapper.application; includeInIndex = 0; path = TidyTherapyNote.app; sourceTree = BUILT_PRODUCTS_DIR; };
		6CA514822A06BBB800089923 /* TidyTherapyNoteApp.swift */ = {isa = PBXFileReference; lastKnownFileType = sourcecode.swift; path = TidyTherapyNoteApp.swift; sourceTree = "<group>"; };
		6CA514842A06BBB800089923 /* ContentView.swift */ = {isa = PBXFileReference; lastKnownFileType = sourcecode.swift; path = ContentView.swift; sourceTree = "<group>"; };
		6CA514862A06BBB900089923 /* Assets.xcassets */ = {isa = PBXFileReference; lastKnownFileType = folder.assetcatalog; path = Assets.xcassets; sourceTree = "<group>"; };
		6CA514892A06BBB900089923 /* Preview Assets.xcassets */ = {isa = PBXFileReference; lastKnownFileType = folder.assetcatalog; path = "Preview Assets.xcassets"; sourceTree = "<group>"; };
		6CA514902A06BC0600089923 /* ViewModel.swift */ = {isa = PBXFileReference; lastKnownFileType = sourcecode.swift; path = ViewModel.swift; sourceTree = "<group>"; };
		6CF0E3882A06EC81006DB88B /* APIKey.swift */ = {isa = PBXFileReference; lastKnownFileType = sourcecode.swift; path = APIKey.swift; sourceTree = "<group>"; };
/* End PBXFileReference section */

/* Begin PBXFrameworksBuildPhase section */
		6CA5147C2A06BBB800089923 /* Frameworks */ = {
			isa = PBXFrameworksBuildPhase;
			buildActionMask = 2147483647;
			files = (
				6CA514942A06BC2100089923 /* OpenAISwift in Frameworks */,
			);
			runOnlyForDeploymentPostprocessing = 0;
		};
/* End PBXFrameworksBuildPhase section */

/* Begin PBXGroup section */
		6C05A5F42A08701F003FD12F /* Models */ = {
			isa = PBXGroup;
			children = (
				6CA514902A06BC0600089923 /* ViewModel.swift */,
				6C05A5FD2A0870EB003FD12F /* Extensions.swift */,
				6C05A5FB2A0870E0003FD12F /* ChatBot.swift */,
				6C05A6032A087573003FD12F /* Note.swift */,
			);
			path = Models;
			sourceTree = "<group>";
		};
		6C05A5F52A087029003FD12F /* Components */ = {
			isa = PBXGroup;
			children = (
				6C05A5F92A0870BA003FD12F /* TitleRow.swift */,
				6C05A5FF2A0872AA003FD12F /* ChatBotSettings.swift */,
				6C05A6012A0874F6003FD12F /* NoteRequestFields.swift */,
			);
			path = Components;
			sourceTree = "<group>";
		};
		6C05A5F62A087083003FD12F /* Private */ = {
			isa = PBXGroup;
			children = (
				6CF0E3882A06EC81006DB88B /* APIKey.swift */,
				6C05A5F72A087093003FD12F /* Private.swift */,
			);
			path = Private;
			sourceTree = "<group>";
		};
		6CA514762A06BBB800089923 = {
			isa = PBXGroup;
			children = (
				6CA514812A06BBB800089923 /* TidyTherapy */,
				6CA514802A06BBB800089923 /* Products */,
			);
			sourceTree = "<group>";
		};
		6CA514802A06BBB800089923 /* Products */ = {
			isa = PBXGroup;
			children = (
				6CA5147F2A06BBB800089923 /* TidyTherapyNote.app */,
			);
			name = Products;
			sourceTree = "<group>";
		};
		6CA514812A06BBB800089923 /* TidyTherapy */ = {
			isa = PBXGroup;
			children = (
				6C05A5F62A087083003FD12F /* Private */,
				6C05A5F52A087029003FD12F /* Components */,
				6C05A5F42A08701F003FD12F /* Models */,
				6CA514822A06BBB800089923 /* TidyTherapyNoteApp.swift */,
				6CA514842A06BBB800089923 /* ContentView.swift */,
				6CA514862A06BBB900089923 /* Assets.xcassets */,
				6CA514882A06BBB900089923 /* Preview Content */,
			);
			path = TidyTherapy;
			sourceTree = "<group>";
		};
		6CA514882A06BBB900089923 /* Preview Content */ = {
			isa = PBXGroup;
			children = (
				6CA514892A06BBB900089923 /* Preview Assets.xcassets */,
			);
			path = "Preview Content";
			sourceTree = "<group>";
		};
/* End PBXGroup section */

/* Begin PBXNativeTarget section */
		6CA5147E2A06BBB800089923 /* TidyTherapyNote */ = {
			isa = PBXNativeTarget;
			buildConfigurationList = 6CA5148D2A06BBB900089923 /* Build configuration list for PBXNativeTarget "TidyTherapyNote" */;
			buildPhases = (
				6CA5147B2A06BBB800089923 /* Sources */,
				6CA5147C2A06BBB800089923 /* Frameworks */,
				6CA5147D2A06BBB800089923 /* Resources */,
			);
			buildRules = (
			);
			dependencies = (
			);
			name = TidyTherapyNote;
			packageProductDependencies = (
				6CA514932A06BC2100089923 /* OpenAISwift */,
			);
			productName = TidyTherapy;
			productReference = 6CA5147F2A06BBB800089923 /* TidyTherapyNote.app */;
			productType = "com.apple.product-type.application";
		};
/* End PBXNativeTarget section */

/* Begin PBXProject section */
		6CA514772A06BBB800089923 /* Project object */ = {
			isa = PBXProject;
			attributes = {
				BuildIndependentTargetsInParallel = 1;
				LastSwiftUpdateCheck = 1430;
				LastUpgradeCheck = 1430;
				TargetAttributes = {
					6CA5147E2A06BBB800089923 = {
						CreatedOnToolsVersion = 14.3;
					};
				};
			};
			buildConfigurationList = 6CA5147A2A06BBB800089923 /* Build configuration list for PBXProject "TidyTherapyNote" */;
			compatibilityVersion = "Xcode 14.0";
			developmentRegion = en;
			hasScannedForEncodings = 0;
			knownRegions = (
				en,
				Base,
			);
			mainGroup = 6CA514762A06BBB800089923;
			packageReferences = (
				6CA514922A06BC2100089923 /* XCRemoteSwiftPackageReference "OpenAISwift" */,
			);
			productRefGroup = 6CA514802A06BBB800089923 /* Products */;
			projectDirPath = "";
			projectRoot = "";
			targets = (
				6CA5147E2A06BBB800089923 /* TidyTherapyNote */,
			);
		};
/* End PBXProject section */

/* Begin PBXResourcesBuildPhase section */
		6CA5147D2A06BBB800089923 /* Resources */ = {
			isa = PBXResourcesBuildPhase;
			buildActionMask = 2147483647;
			files = (
				6CA5148A2A06BBB900089923 /* Preview Assets.xcassets in Resources */,
				6CA514872A06BBB900089923 /* Assets.xcassets in Resources */,
			);
			runOnlyForDeploymentPostprocessing = 0;
		};
/* End PBXResourcesBuildPhase section */

/* Begin PBXSourcesBuildPhase section */
		6CA5147B2A06BBB800089923 /* Sources */ = {
			isa = PBXSourcesBuildPhase;
			buildActionMask = 2147483647;
			files = (
				6CA514852A06BBB800089923 /* ContentView.swift in Sources */,
				6CA514912A06BC0600089923 /* ViewModel.swift in Sources */,
				6C05A5F82A087093003FD12F /* Private.swift in Sources */,
				6C05A5FE2A0870EB003FD12F /* Extensions.swift in Sources */,
				6C05A5FC2A0870E0003FD12F /* ChatBot.swift in Sources */,
				6CF0E3892A06EC81006DB88B /* APIKey.swift in Sources */,
				6C05A6022A0874F6003FD12F /* NoteRequestFields.swift in Sources */,
				6C05A6042A087573003FD12F /* Note.swift in Sources */,
				6CA514832A06BBB800089923 /* TidyTherapyNoteApp.swift in Sources */,
				6C05A5FA2A0870BA003FD12F /* TitleRow.swift in Sources */,
				6C05A6002A0872AA003FD12F /* ChatBotSettings.swift in Sources */,
			);
			runOnlyForDeploymentPostprocessing = 0;
		};
/* End PBXSourcesBuildPhase section */

/* Begin XCBuildConfiguration section */
		6CA5148B2A06BBB900089923 /* Debug */ = {
			isa = XCBuildConfiguration;
			buildSettings = {
				ALWAYS_SEARCH_USER_PATHS = NO;
				CLANG_ANALYZER_NONNULL = YES;
				CLANG_ANALYZER_NUMBER_OBJECT_CONVERSION = YES_AGGRESSIVE;
				CLANG_CXX_LANGUAGE_STANDARD = "gnu++20";
				CLANG_ENABLE_MODULES = YES;
				CLANG_ENABLE_OBJC_ARC = YES;
				CLANG_ENABLE_OBJC_WEAK = YES;
				CLANG_WARN_BLOCK_CAPTURE_AUTORELEASING = YES;
				CLANG_WARN_BOOL_CONVERSION = YES;
				CLANG_WARN_COMMA = YES;
				CLANG_WARN_CONSTANT_CONVERSION = YES;
				CLANG_WARN_DEPRECATED_OBJC_IMPLEMENTATIONS = YES;
				CLANG_WARN_DIRECT_OBJC_ISA_USAGE = YES_ERROR;
				CLANG_WARN_DOCUMENTATION_COMMENTS = YES;
				CLANG_WARN_EMPTY_BODY = YES;
				CLANG_WARN_ENUM_CONVERSION = YES;
				CLANG_WARN_INFINITE_RECURSION = YES;
				CLANG_WARN_INT_CONVERSION = YES;
				CLANG_WARN_NON_LITERAL_NULL_CONVERSION = YES;
				CLANG_WARN_OBJC_IMPLICIT_RETAIN_SELF = YES;
				CLANG_WARN_OBJC_LITERAL_CONVERSION = YES;
				CLANG_WARN_OBJC_ROOT_CLASS = YES_ERROR;
				CLANG_WARN_QUOTED_INCLUDE_IN_FRAMEWORK_HEADER = YES;
				CLANG_WARN_RANGE_LOOP_ANALYSIS = YES;
				CLANG_WARN_STRICT_PROTOTYPES = YES;
				CLANG_WARN_SUSPICIOUS_MOVE = YES;
				CLANG_WARN_UNGUARDED_AVAILABILITY = YES_AGGRESSIVE;
				CLANG_WARN_UNREACHABLE_CODE = YES;
				CLANG_WARN__DUPLICATE_METHOD_MATCH = YES;
				COPY_PHASE_STRIP = NO;
				DEBUG_INFORMATION_FORMAT = dwarf;
				ENABLE_STRICT_OBJC_MSGSEND = YES;
				ENABLE_TESTABILITY = YES;
				GCC_C_LANGUAGE_STANDARD = gnu11;
				GCC_DYNAMIC_NO_PIC = NO;
				GCC_NO_COMMON_BLOCKS = YES;
				GCC_OPTIMIZATION_LEVEL = 0;
				GCC_PREPROCESSOR_DEFINITIONS = (
					"DEBUG=1",
					"$(inherited)",
				);
				GCC_WARN_64_TO_32_BIT_CONVERSION = YES;
				GCC_WARN_ABOUT_RETURN_TYPE = YES_ERROR;
				GCC_WARN_UNDECLARED_SELECTOR = YES;
				GCC_WARN_UNINITIALIZED_AUTOS = YES_AGGRESSIVE;
				GCC_WARN_UNUSED_FUNCTION = YES;
				GCC_WARN_UNUSED_VARIABLE = YES;
				IPHONEOS_DEPLOYMENT_TARGET = 16.4;
				MTL_ENABLE_DEBUG_INFO = INCLUDE_SOURCE;
				MTL_FAST_MATH = YES;
				ONLY_ACTIVE_ARCH = YES;
				SDKROOT = iphoneos;
				SWIFT_ACTIVE_COMPILATION_CONDITIONS = DEBUG;
				SWIFT_OPTIMIZATION_LEVEL = "-Onone";
			};
			name = Debug;
		};
		6CA5148C2A06BBB900089923 /* Release */ = {
			isa = XCBuildConfiguration;
			buildSettings = {
				ALWAYS_SEARCH_USER_PATHS = NO;
				CLANG_ANALYZER_NONNULL = YES;
				CLANG_ANALYZER_NUMBER_OBJECT_CONVERSION = YES_AGGRESSIVE;
				CLANG_CXX_LANGUAGE_STANDARD = "gnu++20";
				CLANG_ENABLE_MODULES = YES;
				CLANG_ENABLE_OBJC_ARC = YES;
				CLANG_ENABLE_OBJC_WEAK = YES;
				CLANG_WARN_BLOCK_CAPTURE_AUTORELEASING = YES;
				CLANG_WARN_BOOL_CONVERSION = YES;
				CLANG_WARN_COMMA = YES;
				CLANG_WARN_CONSTANT_CONVERSION = YES;
				CLANG_WARN_DEPRECATED_OBJC_IMPLEMENTATIONS = YES;
				CLANG_WARN_DIRECT_OBJC_ISA_USAGE = YES_ERROR;
				CLANG_WARN_DOCUMENTATION_COMMENTS = YES;
				CLANG_WARN_EMPTY_BODY = YES;
				CLANG_WARN_ENUM_CONVERSION = YES;
				CLANG_WARN_INFINITE_RECURSION = YES;
				CLANG_WARN_INT_CONVERSION = YES;
				CLANG_WARN_NON_LITERAL_NULL_CONVERSION = YES;
				CLANG_WARN_OBJC_IMPLICIT_RETAIN_SELF = YES;
				CLANG_WARN_OBJC_LITERAL_CONVERSION = YES;
				CLANG_WARN_OBJC_ROOT_CLASS = YES_ERROR;
				CLANG_WARN_QUOTED_INCLUDE_IN_FRAMEWORK_HEADER = YES;
				CLANG_WARN_RANGE_LOOP_ANALYSIS = YES;
				CLANG_WARN_STRICT_PROTOTYPES = YES;
				CLANG_WARN_SUSPICIOUS_MOVE = YES;
				CLANG_WARN_UNGUARDED_AVAILABILITY = YES_AGGRESSIVE;
				CLANG_WARN_UNREACHABLE_CODE = YES;
				CLANG_WARN__DUPLICATE_METHOD_MATCH = YES;
				COPY_PHASE_STRIP = NO;
				DEBUG_INFORMATION_FORMAT = "dwarf-with-dsym";
				ENABLE_NS_ASSERTIONS = NO;
				ENABLE_STRICT_OBJC_MSGSEND = YES;
				GCC_C_LANGUAGE_STANDARD = gnu11;
				GCC_NO_COMMON_BLOCKS = YES;
				GCC_WARN_64_TO_32_BIT_CONVERSION = YES;
				GCC_WARN_ABOUT_RETURN_TYPE = YES_ERROR;
				GCC_WARN_UNDECLARED_SELECTOR = YES;
				GCC_WARN_UNINITIALIZED_AUTOS = YES_AGGRESSIVE;
				GCC_WARN_UNUSED_FUNCTION = YES;
				GCC_WARN_UNUSED_VARIABLE = YES;
				IPHONEOS_DEPLOYMENT_TARGET = 16.4;
				MTL_ENABLE_DEBUG_INFO = NO;
				MTL_FAST_MATH = YES;
				SDKROOT = iphoneos;
				SWIFT_COMPILATION_MODE = wholemodule;
				SWIFT_OPTIMIZATION_LEVEL = "-O";
				VALIDATE_PRODUCT = YES;
			};
			name = Release;
		};
		6CA5148E2A06BBB900089923 /* Debug */ = {
			isa = XCBuildConfiguration;
			buildSettings = {
				ASSETCATALOG_COMPILER_APPICON_NAME = AppIcon;
				ASSETCATALOG_COMPILER_GLOBAL_ACCENT_COLOR_NAME = AccentColor;
				CODE_SIGN_STYLE = Automatic;
				CURRENT_PROJECT_VERSION = 1;
				DEVELOPMENT_ASSET_PATHS = "\"TidyTherapy/Preview Content\"";
				DEVELOPMENT_TEAM = 3LL78QD9R4;
				ENABLE_PREVIEWS = YES;
				GENERATE_INFOPLIST_FILE = YES;
				INFOPLIST_KEY_UIApplicationSceneManifest_Generation = YES;
				INFOPLIST_KEY_UIApplicationSupportsIndirectInputEvents = YES;
				INFOPLIST_KEY_UILaunchScreen_Generation = YES;
				INFOPLIST_KEY_UISupportedInterfaceOrientations_iPad = "UIInterfaceOrientationPortrait UIInterfaceOrientationPortraitUpsideDown UIInterfaceOrientationLandscapeLeft UIInterfaceOrientationLandscapeRight";
				INFOPLIST_KEY_UISupportedInterfaceOrientations_iPhone = "UIInterfaceOrientationPortrait UIInterfaceOrientationLandscapeLeft UIInterfaceOrientationLandscapeRight";
				LD_RUNPATH_SEARCH_PATHS = (
					"$(inherited)",
					"@executable_path/Frameworks",
				);
				MARKETING_VERSION = 1.0;
				PRODUCT_BUNDLE_IDENTIFIER = com.anthony.cifre.TidyTherapy;
				PRODUCT_NAME = "$(TARGET_NAME)";
				SWIFT_EMIT_LOC_STRINGS = YES;
				SWIFT_VERSION = 5.0;
				TARGETED_DEVICE_FAMILY = "1,2";
			};
			name = Debug;
		};
		6CA5148F2A06BBB900089923 /* Release */ = {
			isa = XCBuildConfiguration;
			buildSettings = {
				ASSETCATALOG_COMPILER_APPICON_NAME = AppIcon;
				ASSETCATALOG_COMPILER_GLOBAL_ACCENT_COLOR_NAME = AccentColor;
				CODE_SIGN_STYLE = Automatic;
				CURRENT_PROJECT_VERSION = 1;
				DEVELOPMENT_ASSET_PATHS = "\"TidyTherapy/Preview Content\"";
				DEVELOPMENT_TEAM = 3LL78QD9R4;
				ENABLE_PREVIEWS = YES;
				GENERATE_INFOPLIST_FILE = YES;
				INFOPLIST_KEY_UIApplicationSceneManifest_Generation = YES;
				INFOPLIST_KEY_UIApplicationSupportsIndirectInputEvents = YES;
				INFOPLIST_KEY_UILaunchScreen_Generation = YES;
				INFOPLIST_KEY_UISupportedInterfaceOrientations_iPad = "UIInterfaceOrientationPortrait UIInterfaceOrientationPortraitUpsideDown UIInterfaceOrientationLandscapeLeft UIInterfaceOrientationLandscapeRight";
				INFOPLIST_KEY_UISupportedInterfaceOrientations_iPhone = "UIInterfaceOrientationPortrait UIInterfaceOrientationLandscapeLeft UIInterfaceOrientationLandscapeRight";
				LD_RUNPATH_SEARCH_PATHS = (
					"$(inherited)",
					"@executable_path/Frameworks",
				);
				MARKETING_VERSION = 1.0;
				PRODUCT_BUNDLE_IDENTIFIER = com.anthony.cifre.TidyTherapy;
				PRODUCT_NAME = "$(TARGET_NAME)";
				SWIFT_EMIT_LOC_STRINGS = YES;
				SWIFT_VERSION = 5.0;
				TARGETED_DEVICE_FAMILY = "1,2";
			};
			name = Release;
		};
/* End XCBuildConfiguration section */

/* Begin XCConfigurationList section */
		6CA5147A2A06BBB800089923 /* Build configuration list for PBXProject "TidyTherapyNote" */ = {
			isa = XCConfigurationList;
			buildConfigurations = (
				6CA5148B2A06BBB900089923 /* Debug */,
				6CA5148C2A06BBB900089923 /* Release */,
			);
			defaultConfigurationIsVisible = 0;
			defaultConfigurationName = Release;
		};
		6CA5148D2A06BBB900089923 /* Build configuration list for PBXNativeTarget "TidyTherapyNote" */ = {
			isa = XCConfigurationList;
			buildConfigurations = (
				6CA5148E2A06BBB900089923 /* Debug */,
				6CA5148F2A06BBB900089923 /* Release */,
			);
			defaultConfigurationIsVisible = 0;
			defaultConfigurationName = Release;
		};
/* End XCConfigurationList section */

/* Begin XCRemoteSwiftPackageReference section */
		6CA514922A06BC2100089923 /* XCRemoteSwiftPackageReference "OpenAISwift" */ = {
			isa = XCRemoteSwiftPackageReference;
			repositoryURL = "https://github.com/adamrushy/OpenAISwift.git";
			requirement = {
				kind = upToNextMajorVersion;
				minimumVersion = 1.0.0;
			};
		};
/* End XCRemoteSwiftPackageReference section */

/* Begin XCSwiftPackageProductDependency section */
		6CA514932A06BC2100089923 /* OpenAISwift */ = {
			isa = XCSwiftPackageProductDependency;
			package = 6CA514922A06BC2100089923 /* XCRemoteSwiftPackageReference "OpenAISwift" */;
			productName = OpenAISwift;
		};
/* End XCSwiftPackageProductDependency section */
	};
	rootObject = 6CA514772A06BBB800089923 /* Project object */;
}
